// !$*UTF8*$!
{
	archiveVersion = 1;
	classes = {
	};
	objectVersion = 50;
	objects = {

/* Begin PBXBuildFile section */
		CD4D6F7D21E3D09E00E486BB /* AppDelegate.swift in Sources */ = {isa = PBXBuildFile; fileRef = CD4D6F7C21E3D09E00E486BB /* AppDelegate.swift */; };
		CD4D6F7F21E3D09E00E486BB /* ViewController.swift in Sources */ = {isa = PBXBuildFile; fileRef = CD4D6F7E21E3D09E00E486BB /* ViewController.swift */; };
		CD4D6F8221E3D09E00E486BB /* Main.storyboard in Resources */ = {isa = PBXBuildFile; fileRef = CD4D6F8021E3D09E00E486BB /* Main.storyboard */; };
		CD4D6F8421E3D0A100E486BB /* Assets.xcassets in Resources */ = {isa = PBXBuildFile; fileRef = CD4D6F8321E3D0A100E486BB /* Assets.xcassets */; };
		CD4D6F8721E3D0A100E486BB /* LaunchScreen.storyboard in Resources */ = {isa = PBXBuildFile; fileRef = CD4D6F8521E3D0A100E486BB /* LaunchScreen.storyboard */; };
		CD4D6F9221E3D0A100E486BB /* AR_DrawingTests.swift in Sources */ = {isa = PBXBuildFile; fileRef = CD4D6F9121E3D0A100E486BB /* AR_DrawingTests.swift */; };
		CD4D6F9D21E3D0A100E486BB /* AR_DrawingUITests.swift in Sources */ = {isa = PBXBuildFile; fileRef = CD4D6F9C21E3D0A100E486BB /* AR_DrawingUITests.swift */; };
/* End PBXBuildFile section */

/* Begin PBXContainerItemProxy section */
		CD4D6F8E21E3D0A100E486BB /* PBXContainerItemProxy */ = {
			isa = PBXContainerItemProxy;
			containerPortal = CD4D6F7121E3D09E00E486BB /* Project object */;
			proxyType = 1;
			remoteGlobalIDString = CD4D6F7821E3D09E00E486BB;
			remoteInfo = "AR Drawing";
		};
		CD4D6F9921E3D0A100E486BB /* PBXContainerItemProxy */ = {
			isa = PBXContainerItemProxy;
			containerPortal = CD4D6F7121E3D09E00E486BB /* Project object */;
			proxyType = 1;
			remoteGlobalIDString = CD4D6F7821E3D09E00E486BB;
			remoteInfo = "AR Drawing";
		};
/* End PBXContainerItemProxy section */

/* Begin PBXFileReference section */
		CD4D6F7921E3D09E00E486BB /* AR Drawing.app */ = {isa = PBXFileReference; explicitFileType = wrapper.application; includeInIndex = 0; path = "AR Drawing.app"; sourceTree = BUILT_PRODUCTS_DIR; };
		CD4D6F7C21E3D09E00E486BB /* AppDelegate.swift */ = {isa = PBXFileReference; lastKnownFileType = sourcecode.swift; path = AppDelegate.swift; sourceTree = "<group>"; };
		CD4D6F7E21E3D09E00E486BB /* ViewController.swift */ = {isa = PBXFileReference; lastKnownFileType = sourcecode.swift; path = ViewController.swift; sourceTree = "<group>"; };
		CD4D6F8121E3D09E00E486BB /* Base */ = {isa = PBXFileReference; lastKnownFileType = file.storyboard; name = Base; path = Base.lproj/Main.storyboard; sourceTree = "<group>"; };
		CD4D6F8321E3D0A100E486BB /* Assets.xcassets */ = {isa = PBXFileReference; lastKnownFileType = folder.assetcatalog; path = Assets.xcassets; sourceTree = "<group>"; };
		CD4D6F8621E3D0A100E486BB /* Base */ = {isa = PBXFileReference; lastKnownFileType = file.storyboard; name = Base; path = Base.lproj/LaunchScreen.storyboard; sourceTree = "<group>"; };
		CD4D6F8821E3D0A100E486BB /* Info.plist */ = {isa = PBXFileReference; lastKnownFileType = text.plist.xml; path = Info.plist; sourceTree = "<group>"; };
		CD4D6F8D21E3D0A100E486BB /* AR DrawingTests.xctest */ = {isa = PBXFileReference; explicitFileType = wrapper.cfbundle; includeInIndex = 0; path = "AR DrawingTests.xctest"; sourceTree = BUILT_PRODUCTS_DIR; };
		CD4D6F9121E3D0A100E486BB /* AR_DrawingTests.swift */ = {isa = PBXFileReference; lastKnownFileType = sourcecode.swift; path = AR_DrawingTests.swift; sourceTree = "<group>"; };
		CD4D6F9321E3D0A100E486BB /* Info.plist */ = {isa = PBXFileReference; lastKnownFileType = text.plist.xml; path = Info.plist; sourceTree = "<group>"; };
		CD4D6F9821E3D0A100E486BB /* AR DrawingUITests.xctest */ = {isa = PBXFileReference; explicitFileType = wrapper.cfbundle; includeInIndex = 0; path = "AR DrawingUITests.xctest"; sourceTree = BUILT_PRODUCTS_DIR; };
		CD4D6F9C21E3D0A100E486BB /* AR_DrawingUITests.swift */ = {isa = PBXFileReference; lastKnownFileType = sourcecode.swift; path = AR_DrawingUITests.swift; sourceTree = "<group>"; };
		CD4D6F9E21E3D0A100E486BB /* Info.plist */ = {isa = PBXFileReference; lastKnownFileType = text.plist.xml; path = Info.plist; sourceTree = "<group>"; };
/* End PBXFileReference section */

/* Begin PBXFrameworksBuildPhase section */
		CD4D6F7621E3D09E00E486BB /* Frameworks */ = {
			isa = PBXFrameworksBuildPhase;
			buildActionMask = 2147483647;
			files = (
			);
			runOnlyForDeploymentPostprocessing = 0;
		};
		CD4D6F8A21E3D0A100E486BB /* Frameworks */ = {
			isa = PBXFrameworksBuildPhase;
			buildActionMask = 2147483647;
			files = (
			);
			runOnlyForDeploymentPostprocessing = 0;
		};
		CD4D6F9521E3D0A100E486BB /* Frameworks */ = {
			isa = PBXFrameworksBuildPhase;
			buildActionMask = 2147483647;
			files = (
			);
			runOnlyForDeploymentPostprocessing = 0;
		};
/* End PBXFrameworksBuildPhase section */

/* Begin PBXGroup section */
		CD4D6F7021E3D09E00E486BB = {
			isa = PBXGroup;
			children = (
				CD4D6F7B21E3D09E00E486BB /* AR Drawing */,
				CD4D6F9021E3D0A100E486BB /* AR DrawingTests */,
				CD4D6F9B21E3D0A100E486BB /* AR DrawingUITests */,
				CD4D6F7A21E3D09E00E486BB /* Products */,
			);
			sourceTree = "<group>";
		};
		CD4D6F7A21E3D09E00E486BB /* Products */ = {
			isa = PBXGroup;
			children = (
				CD4D6F7921E3D09E00E486BB /* AR Drawing.app */,
				CD4D6F8D21E3D0A100E486BB /* AR DrawingTests.xctest */,
				CD4D6F9821E3D0A100E486BB /* AR DrawingUITests.xctest */,
			);
			name = Products;
			sourceTree = "<group>";
		};
		CD4D6F7B21E3D09E00E486BB /* AR Drawing */ = {
			isa = PBXGroup;
			children = (
				CD4D6F7C21E3D09E00E486BB /* AppDelegate.swift */,
				CD4D6F7E21E3D09E00E486BB /* ViewController.swift */,
				CD4D6F8021E3D09E00E486BB /* Main.storyboard */,
				CD4D6F8321E3D0A100E486BB /* Assets.xcassets */,
				CD4D6F8521E3D0A100E486BB /* LaunchScreen.storyboard */,
				CD4D6F8821E3D0A100E486BB /* Info.plist */,
			);
			path = "AR Drawing";
			sourceTree = "<group>";
		};
		CD4D6F9021E3D0A100E486BB /* AR DrawingTests */ = {
			isa = PBXGroup;
			children = (
				CD4D6F9121E3D0A100E486BB /* AR_DrawingTests.swift */,
				CD4D6F9321E3D0A100E486BB /* Info.plist */,
			);
			path = "AR DrawingTests";
			sourceTree = "<group>";
		};
		CD4D6F9B21E3D0A100E486BB /* AR DrawingUITests */ = {
			isa = PBXGroup;
			children = (
				CD4D6F9C21E3D0A100E486BB /* AR_DrawingUITests.swift */,
				CD4D6F9E21E3D0A100E486BB /* Info.plist */,
			);
			path = "AR DrawingUITests";
			sourceTree = "<group>";
		};
/* End PBXGroup section */

/* Begin PBXNativeTarget section */
		CD4D6F7821E3D09E00E486BB /* AR Drawing */ = {
			isa = PBXNativeTarget;
			buildConfigurationList = CD4D6FA121E3D0A100E486BB /* Build configuration list for PBXNativeTarget "AR Drawing" */;
			buildPhases = (
				CD4D6F7521E3D09E00E486BB /* Sources */,
				CD4D6F7621E3D09E00E486BB /* Frameworks */,
				CD4D6F7721E3D09E00E486BB /* Resources */,
			);
			buildRules = (
			);
			dependencies = (
			);
			name = "AR Drawing";
			productName = "AR Drawing";
			productReference = CD4D6F7921E3D09E00E486BB /* AR Drawing.app */;
			productType = "com.apple.product-type.application";
		};
		CD4D6F8C21E3D0A100E486BB /* AR DrawingTests */ = {
			isa = PBXNativeTarget;
			buildConfigurationList = CD4D6FA421E3D0A100E486BB /* Build configuration list for PBXNativeTarget "AR DrawingTests" */;
			buildPhases = (
				CD4D6F8921E3D0A100E486BB /* Sources */,
				CD4D6F8A21E3D0A100E486BB /* Frameworks */,
				CD4D6F8B21E3D0A100E486BB /* Resources */,
			);
			buildRules = (
			);
			dependencies = (
				CD4D6F8F21E3D0A100E486BB /* PBXTargetDependency */,
			);
			name = "AR DrawingTests";
			productName = "AR DrawingTests";
			productReference = CD4D6F8D21E3D0A100E486BB /* AR DrawingTests.xctest */;
			productType = "com.apple.product-type.bundle.unit-test";
		};
		CD4D6F9721E3D0A100E486BB /* AR DrawingUITests */ = {
			isa = PBXNativeTarget;
			buildConfigurationList = CD4D6FA721E3D0A100E486BB /* Build configuration list for PBXNativeTarget "AR DrawingUITests" */;
			buildPhases = (
				CD4D6F9421E3D0A100E486BB /* Sources */,
				CD4D6F9521E3D0A100E486BB /* Frameworks */,
				CD4D6F9621E3D0A100E486BB /* Resources */,
			);
			buildRules = (
			);
			dependencies = (
				CD4D6F9A21E3D0A100E486BB /* PBXTargetDependency */,
			);
			name = "AR DrawingUITests";
			productName = "AR DrawingUITests";
			productReference = CD4D6F9821E3D0A100E486BB /* AR DrawingUITests.xctest */;
			productType = "com.apple.product-type.bundle.ui-testing";
		};
/* End PBXNativeTarget section */

/* Begin PBXProject section */
		CD4D6F7121E3D09E00E486BB /* Project object */ = {
			isa = PBXProject;
			attributes = {
				LastSwiftUpdateCheck = 1010;
				LastUpgradeCheck = 1010;
				ORGANIZATIONNAME = "Wilson Campusano Jorge";
				TargetAttributes = {
					CD4D6F7821E3D09E00E486BB = {
						CreatedOnToolsVersion = 10.1;
					};
					CD4D6F8C21E3D0A100E486BB = {
						CreatedOnToolsVersion = 10.1;
						TestTargetID = CD4D6F7821E3D09E00E486BB;
					};
					CD4D6F9721E3D0A100E486BB = {
						CreatedOnToolsVersion = 10.1;
						TestTargetID = CD4D6F7821E3D09E00E486BB;
					};
				};
			};
			buildConfigurationList = CD4D6F7421E3D09E00E486BB /* Build configuration list for PBXProject "AR Drawing" */;
			compatibilityVersion = "Xcode 9.3";
			developmentRegion = en;
			hasScannedForEncodings = 0;
			knownRegions = (
				en,
				Base,
			);
			mainGroup = CD4D6F7021E3D09E00E486BB;
			productRefGroup = CD4D6F7A21E3D09E00E486BB /* Products */;
			projectDirPath = "";
			projectRoot = "";
			targets = (
				CD4D6F7821E3D09E00E486BB /* AR Drawing */,
				CD4D6F8C21E3D0A100E486BB /* AR DrawingTests */,
				CD4D6F9721E3D0A100E486BB /* AR DrawingUITests */,
			);
		};
/* End PBXProject section */

/* Begin PBXResourcesBuildPhase section */
		CD4D6F7721E3D09E00E486BB /* Resources */ = {
			isa = PBXResourcesBuildPhase;
			buildActionMask = 2147483647;
			files = (
				CD4D6F8721E3D0A100E486BB /* LaunchScreen.storyboard in Resources */,
				CD4D6F8421E3D0A100E486BB /* Assets.xcassets in Resources */,
				CD4D6F8221E3D09E00E486BB /* Main.storyboard in Resources */,
			);
			runOnlyForDeploymentPostprocessing = 0;
		};
		CD4D6F8B21E3D0A100E486BB /* Resources */ = {
			isa = PBXResourcesBuildPhase;
			buildActionMask = 2147483647;
			files = (
			);
			runOnlyForDeploymentPostprocessing = 0;
		};
		CD4D6F9621E3D0A100E486BB /* Resources */ = {
			isa = PBXResourcesBuildPhase;
			buildActionMask = 2147483647;
			files = (
			);
			runOnlyForDeploymentPostprocessing = 0;
		};
/* End PBXResourcesBuildPhase section */

/* Begin PBXSourcesBuildPhase section */
		CD4D6F7521E3D09E00E486BB /* Sources */ = {
			isa = PBXSourcesBuildPhase;
			buildActionMask = 2147483647;
			files = (
				CD4D6F7F21E3D09E00E486BB /* ViewController.swift in Sources */,
				CD4D6F7D21E3D09E00E486BB /* AppDelegate.swift in Sources */,
			);
			runOnlyForDeploymentPostprocessing = 0;
		};
		CD4D6F8921E3D0A100E486BB /* Sources */ = {
			isa = PBXSourcesBuildPhase;
			buildActionMask = 2147483647;
			files = (
				CD4D6F9221E3D0A100E486BB /* AR_DrawingTests.swift in Sources */,
			);
			runOnlyForDeploymentPostprocessing = 0;
		};
		CD4D6F9421E3D0A100E486BB /* Sources */ = {
			isa = PBXSourcesBuildPhase;
			buildActionMask = 2147483647;
			files = (
				CD4D6F9D21E3D0A100E486BB /* AR_DrawingUITests.swift in Sources */,
			);
			runOnlyForDeploymentPostprocessing = 0;
		};
/* End PBXSourcesBuildPhase section */

/* Begin PBXTargetDependency section */
		CD4D6F8F21E3D0A100E486BB /* PBXTargetDependency */ = {
			isa = PBXTargetDependency;
			target = CD4D6F7821E3D09E00E486BB /* AR Drawing */;
			targetProxy = CD4D6F8E21E3D0A100E486BB /* PBXContainerItemProxy */;
		};
		CD4D6F9A21E3D0A100E486BB /* PBXTargetDependency */ = {
			isa = PBXTargetDependency;
			target = CD4D6F7821E3D09E00E486BB /* AR Drawing */;
			targetProxy = CD4D6F9921E3D0A100E486BB /* PBXContainerItemProxy */;
		};
/* End PBXTargetDependency section */

/* Begin PBXVariantGroup section */
		CD4D6F8021E3D09E00E486BB /* Main.storyboard */ = {
			isa = PBXVariantGroup;
			children = (
				CD4D6F8121E3D09E00E486BB /* Base */,
			);
			name = Main.storyboard;
			sourceTree = "<group>";
		};
		CD4D6F8521E3D0A100E486BB /* LaunchScreen.storyboard */ = {
			isa = PBXVariantGroup;
			children = (
				CD4D6F8621E3D0A100E486BB /* Base */,
			);
			name = LaunchScreen.storyboard;
			sourceTree = "<group>";
		};
/* End PBXVariantGroup section */

/* Begin XCBuildConfiguration section */
		CD4D6F9F21E3D0A100E486BB /* Debug */ = {
			isa = XCBuildConfiguration;
			buildSettings = {
				ALWAYS_SEARCH_USER_PATHS = NO;
				CLANG_ANALYZER_NONNULL = YES;
				CLANG_ANALYZER_NUMBER_OBJECT_CONVERSION = YES_AGGRESSIVE;
				CLANG_CXX_LANGUAGE_STANDARD = "gnu++14";
				CLANG_CXX_LIBRARY = "libc++";
				CLANG_ENABLE_MODULES = YES;
				CLANG_ENABLE_OBJC_ARC = YES;
				CLANG_ENABLE_OBJC_WEAK = YES;
				CLANG_WARN_BLOCK_CAPTURE_AUTORELEASING = YES;
				CLANG_WARN_BOOL_CONVERSION = YES;
				CLANG_WARN_COMMA = YES;
				CLANG_WARN_CONSTANT_CONVERSION = YES;
				CLANG_WARN_DEPRECATED_OBJC_IMPLEMENTATIONS = YES;
				CLANG_WARN_DIRECT_OBJC_ISA_USAGE = YES_ERROR;
				CLANG_WARN_DOCUMENTATION_COMMENTS = YES;
				CLANG_WARN_EMPTY_BODY = YES;
				CLANG_WARN_ENUM_CONVERSION = YES;
				CLANG_WARN_INFINITE_RECURSION = YES;
				CLANG_WARN_INT_CONVERSION = YES;
				CLANG_WARN_NON_LITERAL_NULL_CONVERSION = YES;
				CLANG_WARN_OBJC_IMPLICIT_RETAIN_SELF = YES;
				CLANG_WARN_OBJC_LITERAL_CONVERSION = YES;
				CLANG_WARN_OBJC_ROOT_CLASS = YES_ERROR;
				CLANG_WARN_RANGE_LOOP_ANALYSIS = YES;
				CLANG_WARN_STRICT_PROTOTYPES = YES;
				CLANG_WARN_SUSPICIOUS_MOVE = YES;
				CLANG_WARN_UNGUARDED_AVAILABILITY = YES_AGGRESSIVE;
				CLANG_WARN_UNREACHABLE_CODE = YES;
				CLANG_WARN__DUPLICATE_METHOD_MATCH = YES;
				CODE_SIGN_IDENTITY = "iPhone Developer";
				COPY_PHASE_STRIP = NO;
				DEBUG_INFORMATION_FORMAT = dwarf;
				ENABLE_STRICT_OBJC_MSGSEND = YES;
				ENABLE_TESTABILITY = YES;
				GCC_C_LANGUAGE_STANDARD = gnu11;
				GCC_DYNAMIC_NO_PIC = NO;
				GCC_NO_COMMON_BLOCKS = YES;
				GCC_OPTIMIZATION_LEVEL = 0;
				GCC_PREPROCESSOR_DEFINITIONS = (
					"DEBUG=1",
					"$(inherited)",
				);
				GCC_WARN_64_TO_32_BIT_CONVERSION = YES;
				GCC_WARN_ABOUT_RETURN_TYPE = YES_ERROR;
				GCC_WARN_UNDECLARED_SELECTOR = YES;
				GCC_WARN_UNINITIALIZED_AUTOS = YES_AGGRESSIVE;
				GCC_WARN_UNUSED_FUNCTION = YES;
				GCC_WARN_UNUSED_VARIABLE = YES;
				IPHONEOS_DEPLOYMENT_TARGET = 12.1;
				MTL_ENABLE_DEBUG_INFO = INCLUDE_SOURCE;
				MTL_FAST_MATH = YES;
				ONLY_ACTIVE_ARCH = YES;
				SDKROOT = iphoneos;
				SWIFT_ACTIVE_COMPILATION_CONDITIONS = DEBUG;
				SWIFT_OPTIMIZATION_LEVEL = "-Onone";
			};
			name = Debug;
		};
		CD4D6FA021E3D0A100E486BB /* Release */ = {
			isa = XCBuildConfiguration;
			buildSettings = {
				ALWAYS_SEARCH_USER_PATHS = NO;
				CLANG_ANALYZER_NONNULL = YES;
				CLANG_ANALYZER_NUMBER_OBJECT_CONVERSION = YES_AGGRESSIVE;
				CLANG_CXX_LANGUAGE_STANDARD = "gnu++14";
				CLANG_CXX_LIBRARY = "libc++";
				CLANG_ENABLE_MODULES = YES;
				CLANG_ENABLE_OBJC_ARC = YES;
				CLANG_ENABLE_OBJC_WEAK = YES;
				CLANG_WARN_BLOCK_CAPTURE_AUTORELEASING = YES;
				CLANG_WARN_BOOL_CONVERSION = YES;
				CLANG_WARN_COMMA = YES;
				CLANG_WARN_CONSTANT_CONVERSION = YES;
				CLANG_WARN_DEPRECATED_OBJC_IMPLEMENTATIONS = YES;
				CLANG_WARN_DIRECT_OBJC_ISA_USAGE = YES_ERROR;
				CLANG_WARN_DOCUMENTATION_COMMENTS = YES;
				CLANG_WARN_EMPTY_BODY = YES;
				CLANG_WARN_ENUM_CONVERSION = YES;
				CLANG_WARN_INFINITE_RECURSION = YES;
				CLANG_WARN_INT_CONVERSION = YES;
				CLANG_WARN_NON_LITERAL_NULL_CONVERSION = YES;
				CLANG_WARN_OBJC_IMPLICIT_RETAIN_SELF = YES;
				CLANG_WARN_OBJC_LITERAL_CONVERSION = YES;
				CLANG_WARN_OBJC_ROOT_CLASS = YES_ERROR;
				CLANG_WARN_RANGE_LOOP_ANALYSIS = YES;
				CLANG_WARN_STRICT_PROTOTYPES = YES;
				CLANG_WARN_SUSPICIOUS_MOVE = YES;
				CLANG_WARN_UNGUARDED_AVAILABILITY = YES_AGGRESSIVE;
				CLANG_WARN_UNREACHABLE_CODE = YES;
				CLANG_WARN__DUPLICATE_METHOD_MATCH = YES;
				CODE_SIGN_IDENTITY = "iPhone Developer";
				COPY_PHASE_STRIP = NO;
				DEBUG_INFORMATION_FORMAT = "dwarf-with-dsym";
				ENABLE_NS_ASSERTIONS = NO;
				ENABLE_STRICT_OBJC_MSGSEND = YES;
				GCC_C_LANGUAGE_STANDARD = gnu11;
				GCC_NO_COMMON_BLOCKS = YES;
				GCC_WARN_64_TO_32_BIT_CONVERSION = YES;
				GCC_WARN_ABOUT_RETURN_TYPE = YES_ERROR;
				GCC_WARN_UNDECLARED_SELECTOR = YES;
				GCC_WARN_UNINITIALIZED_AUTOS = YES_AGGRESSIVE;
				GCC_WARN_UNUSED_FUNCTION = YES;
				GCC_WARN_UNUSED_VARIABLE = YES;
				IPHONEOS_DEPLOYMENT_TARGET = 12.1;
				MTL_ENABLE_DEBUG_INFO = NO;
				MTL_FAST_MATH = YES;
				SDKROOT = iphoneos;
				SWIFT_COMPILATION_MODE = wholemodule;
				SWIFT_OPTIMIZATION_LEVEL = "-O";
				VALIDATE_PRODUCT = YES;
			};
			name = Release;
		};
		CD4D6FA221E3D0A100E486BB /* Debug */ = {
			isa = XCBuildConfiguration;
			buildSettings = {
				ASSETCATALOG_COMPILER_APPICON_NAME = AppIcon;
				CODE_SIGN_STYLE = Automatic;
				DEVELOPMENT_TEAM = 3745W5AYHV;
				INFOPLIST_FILE = "AR Drawing/Info.plist";
				LD_RUNPATH_SEARCH_PATHS = (
					"$(inherited)",
					"@executable_path/Frameworks",
				);
				PRODUCT_BUNDLE_IDENTIFIER = "wilcage.AR-Drawing";
				PRODUCT_NAME = "$(TARGET_NAME)";
				SWIFT_VERSION = 4.2;
				TARGETED_DEVICE_FAMILY = "1,2";
			};
			name = Debug;
		};
		CD4D6FA321E3D0A100E486BB /* Release */ = {
			isa = XCBuildConfiguration;
			buildSettings = {
				ASSETCATALOG_COMPILER_APPICON_NAME = AppIcon;
				CODE_SIGN_STYLE = Automatic;
				DEVELOPMENT_TEAM = 3745W5AYHV;
				INFOPLIST_FILE = "AR Drawing/Info.plist";
				LD_RUNPATH_SEARCH_PATHS = (
					"$(inherited)",
					"@executable_path/Frameworks",
				);
				PRODUCT_BUNDLE_IDENTIFIER = "wilcage.AR-Drawing";
				PRODUCT_NAME = "$(TARGET_NAME)";
				SWIFT_VERSION = 4.2;
				TARGETED_DEVICE_FAMILY = "1,2";
			};
			name = Release;
		};
		CD4D6FA521E3D0A100E486BB /* Debug */ = {
			isa = XCBuildConfiguration;
			buildSettings = {
				ALWAYS_EMBED_SWIFT_STANDARD_LIBRARIES = YES;
				BUNDLE_LOADER = "$(TEST_HOST)";
				CODE_SIGN_STYLE = Automatic;
				DEVELOPMENT_TEAM = 3745W5AYHV;
				INFOPLIST_FILE = "AR DrawingTests/Info.plist";
				LD_RUNPATH_SEARCH_PATHS = (
					"$(inherited)",
					"@executable_path/Frameworks",
					"@loader_path/Frameworks",
				);
				PRODUCT_BUNDLE_IDENTIFIER = "wilcage.AR-DrawingTests";
				PRODUCT_NAME = "$(TARGET_NAME)";
				SWIFT_VERSION = 4.2;
				TARGETED_DEVICE_FAMILY = "1,2";
				TEST_HOST = "$(BUILT_PRODUCTS_DIR)/AR Drawing.app/AR Drawing";
			};
			name = Debug;
		};
		CD4D6FA621E3D0A100E486BB /* Release */ = {
			isa = XCBuildConfiguration;
			buildSettings = {
				ALWAYS_EMBED_SWIFT_STANDARD_LIBRARIES = YES;
				BUNDLE_LOADER = "$(TEST_HOST)";
				CODE_SIGN_STYLE = Automatic;
				DEVELOPMENT_TEAM = 3745W5AYHV;
				INFOPLIST_FILE = "AR DrawingTests/Info.plist";
				LD_RUNPATH_SEARCH_PATHS = (
					"$(inherited)",
					"@executable_path/Frameworks",
					"@loader_path/Frameworks",
				);
				PRODUCT_BUNDLE_IDENTIFIER = "wilcage.AR-DrawingTests";
				PRODUCT_NAME = "$(TARGET_NAME)";
				SWIFT_VERSION = 4.2;
				TARGETED_DEVICE_FAMILY = "1,2";
				TEST_HOST = "$(BUILT_PRODUCTS_DIR)/AR Drawing.app/AR Drawing";
			};
			name = Release;
		};
		CD4D6FA821E3D0A100E486BB /* Debug */ = {
			isa = XCBuildConfiguration;
			buildSettings = {
				ALWAYS_EMBED_SWIFT_STANDARD_LIBRARIES = YES;
				CODE_SIGN_STYLE = Automatic;
				DEVELOPMENT_TEAM = 3745W5AYHV;
				INFOPLIST_FILE = "AR DrawingUITests/Info.plist";
				LD_RUNPATH_SEARCH_PATHS = (
					"$(inherited)",
					"@executable_path/Frameworks",
					"@loader_path/Frameworks",
				);
				PRODUCT_BUNDLE_IDENTIFIER = "wilcage.AR-DrawingUITests";
				PRODUCT_NAME = "$(TARGET_NAME)";
				SWIFT_VERSION = 4.2;
				TARGETED_DEVICE_FAMILY = "1,2";
				TEST_TARGET_NAME = "AR Drawing";
			};
			name = Debug;
		};
		CD4D6FA921E3D0A100E486BB /* Release */ = {
			isa = XCBuildConfiguration;
			buildSettings = {
				ALWAYS_EMBED_SWIFT_STANDARD_LIBRARIES = YES;
				CODE_SIGN_STYLE = Automatic;
				DEVELOPMENT_TEAM = 3745W5AYHV;
				INFOPLIST_FILE = "AR DrawingUITests/Info.plist";
				LD_RUNPATH_SEARCH_PATHS = (
					"$(inherited)",
					"@executable_path/Frameworks",
					"@loader_path/Frameworks",
				);
				PRODUCT_BUNDLE_IDENTIFIER = "wilcage.AR-DrawingUITests";
				PRODUCT_NAME = "$(TARGET_NAME)";
				SWIFT_VERSION = 4.2;
				TARGETED_DEVICE_FAMILY = "1,2";
				TEST_TARGET_NAME = "AR Drawing";
			};
			name = Release;
		};
/* End XCBuildConfiguration section */

/* Begin XCConfigurationList section */
		CD4D6F7421E3D09E00E486BB /* Build configuration list for PBXProject "AR Drawing" */ = {
			isa = XCConfigurationList;
			buildConfigurations = (
				CD4D6F9F21E3D0A100E486BB /* Debug */,
				CD4D6FA021E3D0A100E486BB /* Release */,
			);
			defaultConfigurationIsVisible = 0;
			defaultConfigurationName = Release;
		};
		CD4D6FA121E3D0A100E486BB /* Build configuration list for PBXNativeTarget "AR Drawing" */ = {
			isa = XCConfigurationList;
			buildConfigurations = (
				CD4D6FA221E3D0A100E486BB /* Debug */,
				CD4D6FA321E3D0A100E486BB /* Release */,
			);
			defaultConfigurationIsVisible = 0;
			defaultConfigurationName = Release;
		};
		CD4D6FA421E3D0A100E486BB /* Build configuration list for PBXNativeTarget "AR DrawingTests" */ = {
			isa = XCConfigurationList;
			buildConfigurations = (
				CD4D6FA521E3D0A100E486BB /* Debug */,
				CD4D6FA621E3D0A100E486BB /* Release */,
			);
			defaultConfigurationIsVisible = 0;
			defaultConfigurationName = Release;
		};
		CD4D6FA721E3D0A100E486BB /* Build configuration list for PBXNativeTarget "AR DrawingUITests" */ = {
			isa = XCConfigurationList;
			buildConfigurations = (
				CD4D6FA821E3D0A100E486BB /* Debug */,
				CD4D6FA921E3D0A100E486BB /* Release */,
			);
			defaultConfigurationIsVisible = 0;
			defaultConfigurationName = Release;
		};
/* End XCConfigurationList section */
	};
	rootObject = CD4D6F7121E3D09E00E486BB /* Project object */;
}
