// !$*UTF8*$!
{
	archiveVersion = 1;
	classes = {
	};
	objectVersion = 50;
	objects = {

/* Begin PBXBuildFile section */
		CDB93DDB21C3F8B4009A8313 /* AppDelegate.swift in Sources */ = {isa = PBXBuildFile; fileRef = CDB93DDA21C3F8B4009A8313 /* AppDelegate.swift */; };
		CDB93DDD21C3F8B4009A8313 /* ViewController.swift in Sources */ = {isa = PBXBuildFile; fileRef = CDB93DDC21C3F8B4009A8313 /* ViewController.swift */; };
		CDB93DE021C3F8B4009A8313 /* Main.storyboard in Resources */ = {isa = PBXBuildFile; fileRef = CDB93DDE21C3F8B4009A8313 /* Main.storyboard */; };
		CDB93DE221C3F8B5009A8313 /* Assets.xcassets in Resources */ = {isa = PBXBuildFile; fileRef = CDB93DE121C3F8B5009A8313 /* Assets.xcassets */; };
		CDB93DE521C3F8B5009A8313 /* LaunchScreen.storyboard in Resources */ = {isa = PBXBuildFile; fileRef = CDB93DE321C3F8B5009A8313 /* LaunchScreen.storyboard */; };
		CDB93DF021C3F8B5009A8313 /* World_TrackingTests.swift in Sources */ = {isa = PBXBuildFile; fileRef = CDB93DEF21C3F8B5009A8313 /* World_TrackingTests.swift */; };
		CDB93DFB21C3F8B5009A8313 /* World_TrackingUITests.swift in Sources */ = {isa = PBXBuildFile; fileRef = CDB93DFA21C3F8B5009A8313 /* World_TrackingUITests.swift */; };
/* End PBXBuildFile section */

/* Begin PBXContainerItemProxy section */
		CDB93DEC21C3F8B5009A8313 /* PBXContainerItemProxy */ = {
			isa = PBXContainerItemProxy;
			containerPortal = CDB93DCF21C3F8B4009A8313 /* Project object */;
			proxyType = 1;
			remoteGlobalIDString = CDB93DD621C3F8B4009A8313;
			remoteInfo = "World Tracking";
		};
		CDB93DF721C3F8B5009A8313 /* PBXContainerItemProxy */ = {
			isa = PBXContainerItemProxy;
			containerPortal = CDB93DCF21C3F8B4009A8313 /* Project object */;
			proxyType = 1;
			remoteGlobalIDString = CDB93DD621C3F8B4009A8313;
			remoteInfo = "World Tracking";
		};
/* End PBXContainerItemProxy section */

/* Begin PBXFileReference section */
		CDB93DD721C3F8B4009A8313 /* World Tracking.app */ = {isa = PBXFileReference; explicitFileType = wrapper.application; includeInIndex = 0; path = "World Tracking.app"; sourceTree = BUILT_PRODUCTS_DIR; };
		CDB93DDA21C3F8B4009A8313 /* AppDelegate.swift */ = {isa = PBXFileReference; lastKnownFileType = sourcecode.swift; path = AppDelegate.swift; sourceTree = "<group>"; };
		CDB93DDC21C3F8B4009A8313 /* ViewController.swift */ = {isa = PBXFileReference; lastKnownFileType = sourcecode.swift; path = ViewController.swift; sourceTree = "<group>"; };
		CDB93DDF21C3F8B4009A8313 /* Base */ = {isa = PBXFileReference; lastKnownFileType = file.storyboard; name = Base; path = Base.lproj/Main.storyboard; sourceTree = "<group>"; };
		CDB93DE121C3F8B5009A8313 /* Assets.xcassets */ = {isa = PBXFileReference; lastKnownFileType = folder.assetcatalog; path = Assets.xcassets; sourceTree = "<group>"; };
		CDB93DE421C3F8B5009A8313 /* Base */ = {isa = PBXFileReference; lastKnownFileType = file.storyboard; name = Base; path = Base.lproj/LaunchScreen.storyboard; sourceTree = "<group>"; };
		CDB93DE621C3F8B5009A8313 /* Info.plist */ = {isa = PBXFileReference; lastKnownFileType = text.plist.xml; path = Info.plist; sourceTree = "<group>"; };
		CDB93DEB21C3F8B5009A8313 /* World TrackingTests.xctest */ = {isa = PBXFileReference; explicitFileType = wrapper.cfbundle; includeInIndex = 0; path = "World TrackingTests.xctest"; sourceTree = BUILT_PRODUCTS_DIR; };
		CDB93DEF21C3F8B5009A8313 /* World_TrackingTests.swift */ = {isa = PBXFileReference; lastKnownFileType = sourcecode.swift; path = World_TrackingTests.swift; sourceTree = "<group>"; };
		CDB93DF121C3F8B5009A8313 /* Info.plist */ = {isa = PBXFileReference; lastKnownFileType = text.plist.xml; path = Info.plist; sourceTree = "<group>"; };
		CDB93DF621C3F8B5009A8313 /* World TrackingUITests.xctest */ = {isa = PBXFileReference; explicitFileType = wrapper.cfbundle; includeInIndex = 0; path = "World TrackingUITests.xctest"; sourceTree = BUILT_PRODUCTS_DIR; };
		CDB93DFA21C3F8B5009A8313 /* World_TrackingUITests.swift */ = {isa = PBXFileReference; lastKnownFileType = sourcecode.swift; path = World_TrackingUITests.swift; sourceTree = "<group>"; };
		CDB93DFC21C3F8B5009A8313 /* Info.plist */ = {isa = PBXFileReference; lastKnownFileType = text.plist.xml; path = Info.plist; sourceTree = "<group>"; };
/* End PBXFileReference section */

/* Begin PBXFrameworksBuildPhase section */
		CDB93DD421C3F8B4009A8313 /* Frameworks */ = {
			isa = PBXFrameworksBuildPhase;
			buildActionMask = 2147483647;
			files = (
			);
			runOnlyForDeploymentPostprocessing = 0;
		};
		CDB93DE821C3F8B5009A8313 /* Frameworks */ = {
			isa = PBXFrameworksBuildPhase;
			buildActionMask = 2147483647;
			files = (
			);
			runOnlyForDeploymentPostprocessing = 0;
		};
		CDB93DF321C3F8B5009A8313 /* Frameworks */ = {
			isa = PBXFrameworksBuildPhase;
			buildActionMask = 2147483647;
			files = (
			);
			runOnlyForDeploymentPostprocessing = 0;
		};
/* End PBXFrameworksBuildPhase section */

/* Begin PBXGroup section */
		CDB93DCE21C3F8B4009A8313 = {
			isa = PBXGroup;
			children = (
				CDB93DD921C3F8B4009A8313 /* World Tracking */,
				CDB93DEE21C3F8B5009A8313 /* World TrackingTests */,
				CDB93DF921C3F8B5009A8313 /* World TrackingUITests */,
				CDB93DD821C3F8B4009A8313 /* Products */,
			);
			sourceTree = "<group>";
		};
		CDB93DD821C3F8B4009A8313 /* Products */ = {
			isa = PBXGroup;
			children = (
				CDB93DD721C3F8B4009A8313 /* World Tracking.app */,
				CDB93DEB21C3F8B5009A8313 /* World TrackingTests.xctest */,
				CDB93DF621C3F8B5009A8313 /* World TrackingUITests.xctest */,
			);
			name = Products;
			sourceTree = "<group>";
		};
		CDB93DD921C3F8B4009A8313 /* World Tracking */ = {
			isa = PBXGroup;
			children = (
				CDB93DDA21C3F8B4009A8313 /* AppDelegate.swift */,
				CDB93DDC21C3F8B4009A8313 /* ViewController.swift */,
				CDB93DDE21C3F8B4009A8313 /* Main.storyboard */,
				CDB93DE121C3F8B5009A8313 /* Assets.xcassets */,
				CDB93DE321C3F8B5009A8313 /* LaunchScreen.storyboard */,
				CDB93DE621C3F8B5009A8313 /* Info.plist */,
			);
			path = "World Tracking";
			sourceTree = "<group>";
		};
		CDB93DEE21C3F8B5009A8313 /* World TrackingTests */ = {
			isa = PBXGroup;
			children = (
				CDB93DEF21C3F8B5009A8313 /* World_TrackingTests.swift */,
				CDB93DF121C3F8B5009A8313 /* Info.plist */,
			);
			path = "World TrackingTests";
			sourceTree = "<group>";
		};
		CDB93DF921C3F8B5009A8313 /* World TrackingUITests */ = {
			isa = PBXGroup;
			children = (
				CDB93DFA21C3F8B5009A8313 /* World_TrackingUITests.swift */,
				CDB93DFC21C3F8B5009A8313 /* Info.plist */,
			);
			path = "World TrackingUITests";
			sourceTree = "<group>";
		};
/* End PBXGroup section */

/* Begin PBXNativeTarget section */
		CDB93DD621C3F8B4009A8313 /* World Tracking */ = {
			isa = PBXNativeTarget;
			buildConfigurationList = CDB93DFF21C3F8B5009A8313 /* Build configuration list for PBXNativeTarget "World Tracking" */;
			buildPhases = (
				CDB93DD321C3F8B4009A8313 /* Sources */,
				CDB93DD421C3F8B4009A8313 /* Frameworks */,
				CDB93DD521C3F8B4009A8313 /* Resources */,
			);
			buildRules = (
			);
			dependencies = (
			);
			name = "World Tracking";
			productName = "World Tracking";
			productReference = CDB93DD721C3F8B4009A8313 /* World Tracking.app */;
			productType = "com.apple.product-type.application";
		};
		CDB93DEA21C3F8B5009A8313 /* World TrackingTests */ = {
			isa = PBXNativeTarget;
			buildConfigurationList = CDB93E0221C3F8B5009A8313 /* Build configuration list for PBXNativeTarget "World TrackingTests" */;
			buildPhases = (
				CDB93DE721C3F8B5009A8313 /* Sources */,
				CDB93DE821C3F8B5009A8313 /* Frameworks */,
				CDB93DE921C3F8B5009A8313 /* Resources */,
			);
			buildRules = (
			);
			dependencies = (
				CDB93DED21C3F8B5009A8313 /* PBXTargetDependency */,
			);
			name = "World TrackingTests";
			productName = "World TrackingTests";
			productReference = CDB93DEB21C3F8B5009A8313 /* World TrackingTests.xctest */;
			productType = "com.apple.product-type.bundle.unit-test";
		};
		CDB93DF521C3F8B5009A8313 /* World TrackingUITests */ = {
			isa = PBXNativeTarget;
			buildConfigurationList = CDB93E0521C3F8B5009A8313 /* Build configuration list for PBXNativeTarget "World TrackingUITests" */;
			buildPhases = (
				CDB93DF221C3F8B5009A8313 /* Sources */,
				CDB93DF321C3F8B5009A8313 /* Frameworks */,
				CDB93DF421C3F8B5009A8313 /* Resources */,
			);
			buildRules = (
			);
			dependencies = (
				CDB93DF821C3F8B5009A8313 /* PBXTargetDependency */,
			);
			name = "World TrackingUITests";
			productName = "World TrackingUITests";
			productReference = CDB93DF621C3F8B5009A8313 /* World TrackingUITests.xctest */;
			productType = "com.apple.product-type.bundle.ui-testing";
		};
/* End PBXNativeTarget section */

/* Begin PBXProject section */
		CDB93DCF21C3F8B4009A8313 /* Project object */ = {
			isa = PBXProject;
			attributes = {
				LastSwiftUpdateCheck = 1010;
				LastUpgradeCheck = 1010;
				ORGANIZATIONNAME = "Wilson Campusano Jorge";
				TargetAttributes = {
					CDB93DD621C3F8B4009A8313 = {
						CreatedOnToolsVersion = 10.1;
					};
					CDB93DEA21C3F8B5009A8313 = {
						CreatedOnToolsVersion = 10.1;
						TestTargetID = CDB93DD621C3F8B4009A8313;
					};
					CDB93DF521C3F8B5009A8313 = {
						CreatedOnToolsVersion = 10.1;
						TestTargetID = CDB93DD621C3F8B4009A8313;
					};
				};
			};
			buildConfigurationList = CDB93DD221C3F8B4009A8313 /* Build configuration list for PBXProject "World Tracking" */;
			compatibilityVersion = "Xcode 9.3";
			developmentRegion = en;
			hasScannedForEncodings = 0;
			knownRegions = (
				en,
				Base,
			);
			mainGroup = CDB93DCE21C3F8B4009A8313;
			productRefGroup = CDB93DD821C3F8B4009A8313 /* Products */;
			projectDirPath = "";
			projectRoot = "";
			targets = (
				CDB93DD621C3F8B4009A8313 /* World Tracking */,
				CDB93DEA21C3F8B5009A8313 /* World TrackingTests */,
				CDB93DF521C3F8B5009A8313 /* World TrackingUITests */,
			);
		};
/* End PBXProject section */

/* Begin PBXResourcesBuildPhase section */
		CDB93DD521C3F8B4009A8313 /* Resources */ = {
			isa = PBXResourcesBuildPhase;
			buildActionMask = 2147483647;
			files = (
				CDB93DE521C3F8B5009A8313 /* LaunchScreen.storyboard in Resources */,
				CDB93DE221C3F8B5009A8313 /* Assets.xcassets in Resources */,
				CDB93DE021C3F8B4009A8313 /* Main.storyboard in Resources */,
			);
			runOnlyForDeploymentPostprocessing = 0;
		};
		CDB93DE921C3F8B5009A8313 /* Resources */ = {
			isa = PBXResourcesBuildPhase;
			buildActionMask = 2147483647;
			files = (
			);
			runOnlyForDeploymentPostprocessing = 0;
		};
		CDB93DF421C3F8B5009A8313 /* Resources */ = {
			isa = PBXResourcesBuildPhase;
			buildActionMask = 2147483647;
			files = (
			);
			runOnlyForDeploymentPostprocessing = 0;
		};
/* End PBXResourcesBuildPhase section */

/* Begin PBXSourcesBuildPhase section */
		CDB93DD321C3F8B4009A8313 /* Sources */ = {
			isa = PBXSourcesBuildPhase;
			buildActionMask = 2147483647;
			files = (
				CDB93DDD21C3F8B4009A8313 /* ViewController.swift in Sources */,
				CDB93DDB21C3F8B4009A8313 /* AppDelegate.swift in Sources */,
			);
			runOnlyForDeploymentPostprocessing = 0;
		};
		CDB93DE721C3F8B5009A8313 /* Sources */ = {
			isa = PBXSourcesBuildPhase;
			buildActionMask = 2147483647;
			files = (
				CDB93DF021C3F8B5009A8313 /* World_TrackingTests.swift in Sources */,
			);
			runOnlyForDeploymentPostprocessing = 0;
		};
		CDB93DF221C3F8B5009A8313 /* Sources */ = {
			isa = PBXSourcesBuildPhase;
			buildActionMask = 2147483647;
			files = (
				CDB93DFB21C3F8B5009A8313 /* World_TrackingUITests.swift in Sources */,
			);
			runOnlyForDeploymentPostprocessing = 0;
		};
/* End PBXSourcesBuildPhase section */

/* Begin PBXTargetDependency section */
		CDB93DED21C3F8B5009A8313 /* PBXTargetDependency */ = {
			isa = PBXTargetDependency;
			target = CDB93DD621C3F8B4009A8313 /* World Tracking */;
			targetProxy = CDB93DEC21C3F8B5009A8313 /* PBXContainerItemProxy */;
		};
		CDB93DF821C3F8B5009A8313 /* PBXTargetDependency */ = {
			isa = PBXTargetDependency;
			target = CDB93DD621C3F8B4009A8313 /* World Tracking */;
			targetProxy = CDB93DF721C3F8B5009A8313 /* PBXContainerItemProxy */;
		};
/* End PBXTargetDependency section */

/* Begin PBXVariantGroup section */
		CDB93DDE21C3F8B4009A8313 /* Main.storyboard */ = {
			isa = PBXVariantGroup;
			children = (
				CDB93DDF21C3F8B4009A8313 /* Base */,
			);
			name = Main.storyboard;
			sourceTree = "<group>";
		};
		CDB93DE321C3F8B5009A8313 /* LaunchScreen.storyboard */ = {
			isa = PBXVariantGroup;
			children = (
				CDB93DE421C3F8B5009A8313 /* Base */,
			);
			name = LaunchScreen.storyboard;
			sourceTree = "<group>";
		};
/* End PBXVariantGroup section */

/* Begin XCBuildConfiguration section */
		CDB93DFD21C3F8B5009A8313 /* Debug */ = {
			isa = XCBuildConfiguration;
			buildSettings = {
				ALWAYS_SEARCH_USER_PATHS = NO;
				CLANG_ANALYZER_NONNULL = YES;
				CLANG_ANALYZER_NUMBER_OBJECT_CONVERSION = YES_AGGRESSIVE;
				CLANG_CXX_LANGUAGE_STANDARD = "gnu++14";
				CLANG_CXX_LIBRARY = "libc++";
				CLANG_ENABLE_MODULES = YES;
				CLANG_ENABLE_OBJC_ARC = YES;
				CLANG_ENABLE_OBJC_WEAK = YES;
				CLANG_WARN_BLOCK_CAPTURE_AUTORELEASING = YES;
				CLANG_WARN_BOOL_CONVERSION = YES;
				CLANG_WARN_COMMA = YES;
				CLANG_WARN_CONSTANT_CONVERSION = YES;
				CLANG_WARN_DEPRECATED_OBJC_IMPLEMENTATIONS = YES;
				CLANG_WARN_DIRECT_OBJC_ISA_USAGE = YES_ERROR;
				CLANG_WARN_DOCUMENTATION_COMMENTS = YES;
				CLANG_WARN_EMPTY_BODY = YES;
				CLANG_WARN_ENUM_CONVERSION = YES;
				CLANG_WARN_INFINITE_RECURSION = YES;
				CLANG_WARN_INT_CONVERSION = YES;
				CLANG_WARN_NON_LITERAL_NULL_CONVERSION = YES;
				CLANG_WARN_OBJC_IMPLICIT_RETAIN_SELF = YES;
				CLANG_WARN_OBJC_LITERAL_CONVERSION = YES;
				CLANG_WARN_OBJC_ROOT_CLASS = YES_ERROR;
				CLANG_WARN_RANGE_LOOP_ANALYSIS = YES;
				CLANG_WARN_STRICT_PROTOTYPES = YES;
				CLANG_WARN_SUSPICIOUS_MOVE = YES;
				CLANG_WARN_UNGUARDED_AVAILABILITY = YES_AGGRESSIVE;
				CLANG_WARN_UNREACHABLE_CODE = YES;
				CLANG_WARN__DUPLICATE_METHOD_MATCH = YES;
				CODE_SIGN_IDENTITY = "iPhone Developer";
				COPY_PHASE_STRIP = NO;
				DEBUG_INFORMATION_FORMAT = dwarf;
				ENABLE_STRICT_OBJC_MSGSEND = YES;
				ENABLE_TESTABILITY = YES;
				GCC_C_LANGUAGE_STANDARD = gnu11;
				GCC_DYNAMIC_NO_PIC = NO;
				GCC_NO_COMMON_BLOCKS = YES;
				GCC_OPTIMIZATION_LEVEL = 0;
				GCC_PREPROCESSOR_DEFINITIONS = (
					"DEBUG=1",
					"$(inherited)",
				);
				GCC_WARN_64_TO_32_BIT_CONVERSION = YES;
				GCC_WARN_ABOUT_RETURN_TYPE = YES_ERROR;
				GCC_WARN_UNDECLARED_SELECTOR = YES;
				GCC_WARN_UNINITIALIZED_AUTOS = YES_AGGRESSIVE;
				GCC_WARN_UNUSED_FUNCTION = YES;
				GCC_WARN_UNUSED_VARIABLE = YES;
				IPHONEOS_DEPLOYMENT_TARGET = 12.1;
				MTL_ENABLE_DEBUG_INFO = INCLUDE_SOURCE;
				MTL_FAST_MATH = YES;
				ONLY_ACTIVE_ARCH = YES;
				SDKROOT = iphoneos;
				SWIFT_ACTIVE_COMPILATION_CONDITIONS = DEBUG;
				SWIFT_OPTIMIZATION_LEVEL = "-Onone";
			};
			name = Debug;
		};
		CDB93DFE21C3F8B5009A8313 /* Release */ = {
			isa = XCBuildConfiguration;
			buildSettings = {
				ALWAYS_SEARCH_USER_PATHS = NO;
				CLANG_ANALYZER_NONNULL = YES;
				CLANG_ANALYZER_NUMBER_OBJECT_CONVERSION = YES_AGGRESSIVE;
				CLANG_CXX_LANGUAGE_STANDARD = "gnu++14";
				CLANG_CXX_LIBRARY = "libc++";
				CLANG_ENABLE_MODULES = YES;
				CLANG_ENABLE_OBJC_ARC = YES;
				CLANG_ENABLE_OBJC_WEAK = YES;
				CLANG_WARN_BLOCK_CAPTURE_AUTORELEASING = YES;
				CLANG_WARN_BOOL_CONVERSION = YES;
				CLANG_WARN_COMMA = YES;
				CLANG_WARN_CONSTANT_CONVERSION = YES;
				CLANG_WARN_DEPRECATED_OBJC_IMPLEMENTATIONS = YES;
				CLANG_WARN_DIRECT_OBJC_ISA_USAGE = YES_ERROR;
				CLANG_WARN_DOCUMENTATION_COMMENTS = YES;
				CLANG_WARN_EMPTY_BODY = YES;
				CLANG_WARN_ENUM_CONVERSION = YES;
				CLANG_WARN_INFINITE_RECURSION = YES;
				CLANG_WARN_INT_CONVERSION = YES;
				CLANG_WARN_NON_LITERAL_NULL_CONVERSION = YES;
				CLANG_WARN_OBJC_IMPLICIT_RETAIN_SELF = YES;
				CLANG_WARN_OBJC_LITERAL_CONVERSION = YES;
				CLANG_WARN_OBJC_ROOT_CLASS = YES_ERROR;
				CLANG_WARN_RANGE_LOOP_ANALYSIS = YES;
				CLANG_WARN_STRICT_PROTOTYPES = YES;
				CLANG_WARN_SUSPICIOUS_MOVE = YES;
				CLANG_WARN_UNGUARDED_AVAILABILITY = YES_AGGRESSIVE;
				CLANG_WARN_UNREACHABLE_CODE = YES;
				CLANG_WARN__DUPLICATE_METHOD_MATCH = YES;
				CODE_SIGN_IDENTITY = "iPhone Developer";
				COPY_PHASE_STRIP = NO;
				DEBUG_INFORMATION_FORMAT = "dwarf-with-dsym";
				ENABLE_NS_ASSERTIONS = NO;
				ENABLE_STRICT_OBJC_MSGSEND = YES;
				GCC_C_LANGUAGE_STANDARD = gnu11;
				GCC_NO_COMMON_BLOCKS = YES;
				GCC_WARN_64_TO_32_BIT_CONVERSION = YES;
				GCC_WARN_ABOUT_RETURN_TYPE = YES_ERROR;
				GCC_WARN_UNDECLARED_SELECTOR = YES;
				GCC_WARN_UNINITIALIZED_AUTOS = YES_AGGRESSIVE;
				GCC_WARN_UNUSED_FUNCTION = YES;
				GCC_WARN_UNUSED_VARIABLE = YES;
				IPHONEOS_DEPLOYMENT_TARGET = 12.1;
				MTL_ENABLE_DEBUG_INFO = NO;
				MTL_FAST_MATH = YES;
				SDKROOT = iphoneos;
				SWIFT_COMPILATION_MODE = wholemodule;
				SWIFT_OPTIMIZATION_LEVEL = "-O";
				VALIDATE_PRODUCT = YES;
			};
			name = Release;
		};
		CDB93E0021C3F8B5009A8313 /* Debug */ = {
			isa = XCBuildConfiguration;
			buildSettings = {
				ASSETCATALOG_COMPILER_APPICON_NAME = AppIcon;
				CODE_SIGN_STYLE = Automatic;
				DEVELOPMENT_TEAM = 3745W5AYHV;
				INFOPLIST_FILE = "World Tracking/Info.plist";
				LD_RUNPATH_SEARCH_PATHS = (
					"$(inherited)",
					"@executable_path/Frameworks",
				);
				PRODUCT_BUNDLE_IDENTIFIER = "wilcage.World-Tracking";
				PRODUCT_NAME = "$(TARGET_NAME)";
				SWIFT_VERSION = 4.2;
				TARGETED_DEVICE_FAMILY = "1,2";
			};
			name = Debug;
		};
		CDB93E0121C3F8B5009A8313 /* Release */ = {
			isa = XCBuildConfiguration;
			buildSettings = {
				ASSETCATALOG_COMPILER_APPICON_NAME = AppIcon;
				CODE_SIGN_STYLE = Automatic;
				DEVELOPMENT_TEAM = 3745W5AYHV;
				INFOPLIST_FILE = "World Tracking/Info.plist";
				LD_RUNPATH_SEARCH_PATHS = (
					"$(inherited)",
					"@executable_path/Frameworks",
				);
				PRODUCT_BUNDLE_IDENTIFIER = "wilcage.World-Tracking";
				PRODUCT_NAME = "$(TARGET_NAME)";
				SWIFT_VERSION = 4.2;
				TARGETED_DEVICE_FAMILY = "1,2";
			};
			name = Release;
		};
		CDB93E0321C3F8B5009A8313 /* Debug */ = {
			isa = XCBuildConfiguration;
			buildSettings = {
				ALWAYS_EMBED_SWIFT_STANDARD_LIBRARIES = YES;
				BUNDLE_LOADER = "$(TEST_HOST)";
				CODE_SIGN_STYLE = Automatic;
				DEVELOPMENT_TEAM = 3745W5AYHV;
				INFOPLIST_FILE = "World TrackingTests/Info.plist";
				LD_RUNPATH_SEARCH_PATHS = (
					"$(inherited)",
					"@executable_path/Frameworks",
					"@loader_path/Frameworks",
				);
				PRODUCT_BUNDLE_IDENTIFIER = "wilcage.World-TrackingTests";
				PRODUCT_NAME = "$(TARGET_NAME)";
				SWIFT_VERSION = 4.2;
				TARGETED_DEVICE_FAMILY = "1,2";
				TEST_HOST = "$(BUILT_PRODUCTS_DIR)/World Tracking.app/World Tracking";
			};
			name = Debug;
		};
		CDB93E0421C3F8B5009A8313 /* Release */ = {
			isa = XCBuildConfiguration;
			buildSettings = {
				ALWAYS_EMBED_SWIFT_STANDARD_LIBRARIES = YES;
				BUNDLE_LOADER = "$(TEST_HOST)";
				CODE_SIGN_STYLE = Automatic;
				DEVELOPMENT_TEAM = 3745W5AYHV;
				INFOPLIST_FILE = "World TrackingTests/Info.plist";
				LD_RUNPATH_SEARCH_PATHS = (
					"$(inherited)",
					"@executable_path/Frameworks",
					"@loader_path/Frameworks",
				);
				PRODUCT_BUNDLE_IDENTIFIER = "wilcage.World-TrackingTests";
				PRODUCT_NAME = "$(TARGET_NAME)";
				SWIFT_VERSION = 4.2;
				TARGETED_DEVICE_FAMILY = "1,2";
				TEST_HOST = "$(BUILT_PRODUCTS_DIR)/World Tracking.app/World Tracking";
			};
			name = Release;
		};
		CDB93E0621C3F8B5009A8313 /* Debug */ = {
			isa = XCBuildConfiguration;
			buildSettings = {
				ALWAYS_EMBED_SWIFT_STANDARD_LIBRARIES = YES;
				CODE_SIGN_STYLE = Automatic;
				DEVELOPMENT_TEAM = 3745W5AYHV;
				INFOPLIST_FILE = "World TrackingUITests/Info.plist";
				LD_RUNPATH_SEARCH_PATHS = (
					"$(inherited)",
					"@executable_path/Frameworks",
					"@loader_path/Frameworks",
				);
				PRODUCT_BUNDLE_IDENTIFIER = "wilcage.World-TrackingUITests";
				PRODUCT_NAME = "$(TARGET_NAME)";
				SWIFT_VERSION = 4.2;
				TARGETED_DEVICE_FAMILY = "1,2";
				TEST_TARGET_NAME = "World Tracking";
			};
			name = Debug;
		};
		CDB93E0721C3F8B5009A8313 /* Release */ = {
			isa = XCBuildConfiguration;
			buildSettings = {
				ALWAYS_EMBED_SWIFT_STANDARD_LIBRARIES = YES;
				CODE_SIGN_STYLE = Automatic;
				DEVELOPMENT_TEAM = 3745W5AYHV;
				INFOPLIST_FILE = "World TrackingUITests/Info.plist";
				LD_RUNPATH_SEARCH_PATHS = (
					"$(inherited)",
					"@executable_path/Frameworks",
					"@loader_path/Frameworks",
				);
				PRODUCT_BUNDLE_IDENTIFIER = "wilcage.World-TrackingUITests";
				PRODUCT_NAME = "$(TARGET_NAME)";
				SWIFT_VERSION = 4.2;
				TARGETED_DEVICE_FAMILY = "1,2";
				TEST_TARGET_NAME = "World Tracking";
			};
			name = Release;
		};
/* End XCBuildConfiguration section */

/* Begin XCConfigurationList section */
		CDB93DD221C3F8B4009A8313 /* Build configuration list for PBXProject "World Tracking" */ = {
			isa = XCConfigurationList;
			buildConfigurations = (
				CDB93DFD21C3F8B5009A8313 /* Debug */,
				CDB93DFE21C3F8B5009A8313 /* Release */,
			);
			defaultConfigurationIsVisible = 0;
			defaultConfigurationName = Release;
		};
		CDB93DFF21C3F8B5009A8313 /* Build configuration list for PBXNativeTarget "World Tracking" */ = {
			isa = XCConfigurationList;
			buildConfigurations = (
				CDB93E0021C3F8B5009A8313 /* Debug */,
				CDB93E0121C3F8B5009A8313 /* Release */,
			);
			defaultConfigurationIsVisible = 0;
			defaultConfigurationName = Release;
		};
		CDB93E0221C3F8B5009A8313 /* Build configuration list for PBXNativeTarget "World TrackingTests" */ = {
			isa = XCConfigurationList;
			buildConfigurations = (
				CDB93E0321C3F8B5009A8313 /* Debug */,
				CDB93E0421C3F8B5009A8313 /* Release */,
			);
			defaultConfigurationIsVisible = 0;
			defaultConfigurationName = Release;
		};
		CDB93E0521C3F8B5009A8313 /* Build configuration list for PBXNativeTarget "World TrackingUITests" */ = {
			isa = XCConfigurationList;
			buildConfigurations = (
				CDB93E0621C3F8B5009A8313 /* Debug */,
				CDB93E0721C3F8B5009A8313 /* Release */,
			);
			defaultConfigurationIsVisible = 0;
			defaultConfigurationName = Release;
		};
/* End XCConfigurationList section */
	};
	rootObject = CDB93DCF21C3F8B4009A8313 /* Project object */;
}
