// !$*UTF8*$!
{
	archiveVersion = 1;
	classes = {
	};
	objectVersion = 50;
	objects = {

/* Begin PBXBuildFile section */
		CD50755421ECB98D005D4CD8 /* AppDelegate.swift in Sources */ = {isa = PBXBuildFile; fileRef = CD50755321ECB98D005D4CD8 /* AppDelegate.swift */; };
		CD50755621ECB98D005D4CD8 /* ViewController.swift in Sources */ = {isa = PBXBuildFile; fileRef = CD50755521ECB98D005D4CD8 /* ViewController.swift */; };
		CD50755921ECB98D005D4CD8 /* Main.storyboard in Resources */ = {isa = PBXBuildFile; fileRef = CD50755721ECB98D005D4CD8 /* Main.storyboard */; };
		CD50755B21ECB98F005D4CD8 /* Assets.xcassets in Resources */ = {isa = PBXBuildFile; fileRef = CD50755A21ECB98F005D4CD8 /* Assets.xcassets */; };
		CD50755E21ECB98F005D4CD8 /* LaunchScreen.storyboard in Resources */ = {isa = PBXBuildFile; fileRef = CD50755C21ECB98F005D4CD8 /* LaunchScreen.storyboard */; };
		CD50756921ECB98F005D4CD8 /* PlanetsTests.swift in Sources */ = {isa = PBXBuildFile; fileRef = CD50756821ECB98F005D4CD8 /* PlanetsTests.swift */; };
		CD50757421ECB98F005D4CD8 /* PlanetsUITests.swift in Sources */ = {isa = PBXBuildFile; fileRef = CD50757321ECB98F005D4CD8 /* PlanetsUITests.swift */; };
/* End PBXBuildFile section */

/* Begin PBXContainerItemProxy section */
		CD50756521ECB98F005D4CD8 /* PBXContainerItemProxy */ = {
			isa = PBXContainerItemProxy;
			containerPortal = CD50754821ECB98D005D4CD8 /* Project object */;
			proxyType = 1;
			remoteGlobalIDString = CD50754F21ECB98D005D4CD8;
			remoteInfo = Planets;
		};
		CD50757021ECB98F005D4CD8 /* PBXContainerItemProxy */ = {
			isa = PBXContainerItemProxy;
			containerPortal = CD50754821ECB98D005D4CD8 /* Project object */;
			proxyType = 1;
			remoteGlobalIDString = CD50754F21ECB98D005D4CD8;
			remoteInfo = Planets;
		};
/* End PBXContainerItemProxy section */

/* Begin PBXFileReference section */
		CD50755021ECB98D005D4CD8 /* Planets.app */ = {isa = PBXFileReference; explicitFileType = wrapper.application; includeInIndex = 0; path = Planets.app; sourceTree = BUILT_PRODUCTS_DIR; };
		CD50755321ECB98D005D4CD8 /* AppDelegate.swift */ = {isa = PBXFileReference; lastKnownFileType = sourcecode.swift; path = AppDelegate.swift; sourceTree = "<group>"; };
		CD50755521ECB98D005D4CD8 /* ViewController.swift */ = {isa = PBXFileReference; lastKnownFileType = sourcecode.swift; path = ViewController.swift; sourceTree = "<group>"; };
		CD50755821ECB98D005D4CD8 /* Base */ = {isa = PBXFileReference; lastKnownFileType = file.storyboard; name = Base; path = Base.lproj/Main.storyboard; sourceTree = "<group>"; };
		CD50755A21ECB98F005D4CD8 /* Assets.xcassets */ = {isa = PBXFileReference; lastKnownFileType = folder.assetcatalog; path = Assets.xcassets; sourceTree = "<group>"; };
		CD50755D21ECB98F005D4CD8 /* Base */ = {isa = PBXFileReference; lastKnownFileType = file.storyboard; name = Base; path = Base.lproj/LaunchScreen.storyboard; sourceTree = "<group>"; };
		CD50755F21ECB98F005D4CD8 /* Info.plist */ = {isa = PBXFileReference; lastKnownFileType = text.plist.xml; path = Info.plist; sourceTree = "<group>"; };
		CD50756421ECB98F005D4CD8 /* PlanetsTests.xctest */ = {isa = PBXFileReference; explicitFileType = wrapper.cfbundle; includeInIndex = 0; path = PlanetsTests.xctest; sourceTree = BUILT_PRODUCTS_DIR; };
		CD50756821ECB98F005D4CD8 /* PlanetsTests.swift */ = {isa = PBXFileReference; lastKnownFileType = sourcecode.swift; path = PlanetsTests.swift; sourceTree = "<group>"; };
		CD50756A21ECB98F005D4CD8 /* Info.plist */ = {isa = PBXFileReference; lastKnownFileType = text.plist.xml; path = Info.plist; sourceTree = "<group>"; };
		CD50756F21ECB98F005D4CD8 /* PlanetsUITests.xctest */ = {isa = PBXFileReference; explicitFileType = wrapper.cfbundle; includeInIndex = 0; path = PlanetsUITests.xctest; sourceTree = BUILT_PRODUCTS_DIR; };
		CD50757321ECB98F005D4CD8 /* PlanetsUITests.swift */ = {isa = PBXFileReference; lastKnownFileType = sourcecode.swift; path = PlanetsUITests.swift; sourceTree = "<group>"; };
		CD50757521ECB98F005D4CD8 /* Info.plist */ = {isa = PBXFileReference; lastKnownFileType = text.plist.xml; path = Info.plist; sourceTree = "<group>"; };
/* End PBXFileReference section */

/* Begin PBXFrameworksBuildPhase section */
		CD50754D21ECB98D005D4CD8 /* Frameworks */ = {
			isa = PBXFrameworksBuildPhase;
			buildActionMask = 2147483647;
			files = (
			);
			runOnlyForDeploymentPostprocessing = 0;
		};
		CD50756121ECB98F005D4CD8 /* Frameworks */ = {
			isa = PBXFrameworksBuildPhase;
			buildActionMask = 2147483647;
			files = (
			);
			runOnlyForDeploymentPostprocessing = 0;
		};
		CD50756C21ECB98F005D4CD8 /* Frameworks */ = {
			isa = PBXFrameworksBuildPhase;
			buildActionMask = 2147483647;
			files = (
			);
			runOnlyForDeploymentPostprocessing = 0;
		};
/* End PBXFrameworksBuildPhase section */

/* Begin PBXGroup section */
		CD50754721ECB98D005D4CD8 = {
			isa = PBXGroup;
			children = (
				CD50755221ECB98D005D4CD8 /* Planets */,
				CD50756721ECB98F005D4CD8 /* PlanetsTests */,
				CD50757221ECB98F005D4CD8 /* PlanetsUITests */,
				CD50755121ECB98D005D4CD8 /* Products */,
			);
			sourceTree = "<group>";
		};
		CD50755121ECB98D005D4CD8 /* Products */ = {
			isa = PBXGroup;
			children = (
				CD50755021ECB98D005D4CD8 /* Planets.app */,
				CD50756421ECB98F005D4CD8 /* PlanetsTests.xctest */,
				CD50756F21ECB98F005D4CD8 /* PlanetsUITests.xctest */,
			);
			name = Products;
			sourceTree = "<group>";
		};
		CD50755221ECB98D005D4CD8 /* Planets */ = {
			isa = PBXGroup;
			children = (
				CD50755321ECB98D005D4CD8 /* AppDelegate.swift */,
				CD50755521ECB98D005D4CD8 /* ViewController.swift */,
				CD50755721ECB98D005D4CD8 /* Main.storyboard */,
				CD50755A21ECB98F005D4CD8 /* Assets.xcassets */,
				CD50755C21ECB98F005D4CD8 /* LaunchScreen.storyboard */,
				CD50755F21ECB98F005D4CD8 /* Info.plist */,
			);
			path = Planets;
			sourceTree = "<group>";
		};
		CD50756721ECB98F005D4CD8 /* PlanetsTests */ = {
			isa = PBXGroup;
			children = (
				CD50756821ECB98F005D4CD8 /* PlanetsTests.swift */,
				CD50756A21ECB98F005D4CD8 /* Info.plist */,
			);
			path = PlanetsTests;
			sourceTree = "<group>";
		};
		CD50757221ECB98F005D4CD8 /* PlanetsUITests */ = {
			isa = PBXGroup;
			children = (
				CD50757321ECB98F005D4CD8 /* PlanetsUITests.swift */,
				CD50757521ECB98F005D4CD8 /* Info.plist */,
			);
			path = PlanetsUITests;
			sourceTree = "<group>";
		};
/* End PBXGroup section */

/* Begin PBXNativeTarget section */
		CD50754F21ECB98D005D4CD8 /* Planets */ = {
			isa = PBXNativeTarget;
			buildConfigurationList = CD50757821ECB98F005D4CD8 /* Build configuration list for PBXNativeTarget "Planets" */;
			buildPhases = (
				CD50754C21ECB98D005D4CD8 /* Sources */,
				CD50754D21ECB98D005D4CD8 /* Frameworks */,
				CD50754E21ECB98D005D4CD8 /* Resources */,
			);
			buildRules = (
			);
			dependencies = (
			);
			name = Planets;
			productName = Planets;
			productReference = CD50755021ECB98D005D4CD8 /* Planets.app */;
			productType = "com.apple.product-type.application";
		};
		CD50756321ECB98F005D4CD8 /* PlanetsTests */ = {
			isa = PBXNativeTarget;
			buildConfigurationList = CD50757B21ECB98F005D4CD8 /* Build configuration list for PBXNativeTarget "PlanetsTests" */;
			buildPhases = (
				CD50756021ECB98F005D4CD8 /* Sources */,
				CD50756121ECB98F005D4CD8 /* Frameworks */,
				CD50756221ECB98F005D4CD8 /* Resources */,
			);
			buildRules = (
			);
			dependencies = (
				CD50756621ECB98F005D4CD8 /* PBXTargetDependency */,
			);
			name = PlanetsTests;
			productName = PlanetsTests;
			productReference = CD50756421ECB98F005D4CD8 /* PlanetsTests.xctest */;
			productType = "com.apple.product-type.bundle.unit-test";
		};
		CD50756E21ECB98F005D4CD8 /* PlanetsUITests */ = {
			isa = PBXNativeTarget;
			buildConfigurationList = CD50757E21ECB98F005D4CD8 /* Build configuration list for PBXNativeTarget "PlanetsUITests" */;
			buildPhases = (
				CD50756B21ECB98F005D4CD8 /* Sources */,
				CD50756C21ECB98F005D4CD8 /* Frameworks */,
				CD50756D21ECB98F005D4CD8 /* Resources */,
			);
			buildRules = (
			);
			dependencies = (
				CD50757121ECB98F005D4CD8 /* PBXTargetDependency */,
			);
			name = PlanetsUITests;
			productName = PlanetsUITests;
			productReference = CD50756F21ECB98F005D4CD8 /* PlanetsUITests.xctest */;
			productType = "com.apple.product-type.bundle.ui-testing";
		};
/* End PBXNativeTarget section */

/* Begin PBXProject section */
		CD50754821ECB98D005D4CD8 /* Project object */ = {
			isa = PBXProject;
			attributes = {
				LastSwiftUpdateCheck = 1010;
				LastUpgradeCheck = 1010;
				ORGANIZATIONNAME = "Wilson Campusano Jorge";
				TargetAttributes = {
					CD50754F21ECB98D005D4CD8 = {
						CreatedOnToolsVersion = 10.1;
					};
					CD50756321ECB98F005D4CD8 = {
						CreatedOnToolsVersion = 10.1;
						TestTargetID = CD50754F21ECB98D005D4CD8;
					};
					CD50756E21ECB98F005D4CD8 = {
						CreatedOnToolsVersion = 10.1;
						TestTargetID = CD50754F21ECB98D005D4CD8;
					};
				};
			};
			buildConfigurationList = CD50754B21ECB98D005D4CD8 /* Build configuration list for PBXProject "Planets" */;
			compatibilityVersion = "Xcode 9.3";
			developmentRegion = en;
			hasScannedForEncodings = 0;
			knownRegions = (
				en,
				Base,
			);
			mainGroup = CD50754721ECB98D005D4CD8;
			productRefGroup = CD50755121ECB98D005D4CD8 /* Products */;
			projectDirPath = "";
			projectRoot = "";
			targets = (
				CD50754F21ECB98D005D4CD8 /* Planets */,
				CD50756321ECB98F005D4CD8 /* PlanetsTests */,
				CD50756E21ECB98F005D4CD8 /* PlanetsUITests */,
			);
		};
/* End PBXProject section */

/* Begin PBXResourcesBuildPhase section */
		CD50754E21ECB98D005D4CD8 /* Resources */ = {
			isa = PBXResourcesBuildPhase;
			buildActionMask = 2147483647;
			files = (
				CD50755E21ECB98F005D4CD8 /* LaunchScreen.storyboard in Resources */,
				CD50755B21ECB98F005D4CD8 /* Assets.xcassets in Resources */,
				CD50755921ECB98D005D4CD8 /* Main.storyboard in Resources */,
			);
			runOnlyForDeploymentPostprocessing = 0;
		};
		CD50756221ECB98F005D4CD8 /* Resources */ = {
			isa = PBXResourcesBuildPhase;
			buildActionMask = 2147483647;
			files = (
			);
			runOnlyForDeploymentPostprocessing = 0;
		};
		CD50756D21ECB98F005D4CD8 /* Resources */ = {
			isa = PBXResourcesBuildPhase;
			buildActionMask = 2147483647;
			files = (
			);
			runOnlyForDeploymentPostprocessing = 0;
		};
/* End PBXResourcesBuildPhase section */

/* Begin PBXSourcesBuildPhase section */
		CD50754C21ECB98D005D4CD8 /* Sources */ = {
			isa = PBXSourcesBuildPhase;
			buildActionMask = 2147483647;
			files = (
				CD50755621ECB98D005D4CD8 /* ViewController.swift in Sources */,
				CD50755421ECB98D005D4CD8 /* AppDelegate.swift in Sources */,
			);
			runOnlyForDeploymentPostprocessing = 0;
		};
		CD50756021ECB98F005D4CD8 /* Sources */ = {
			isa = PBXSourcesBuildPhase;
			buildActionMask = 2147483647;
			files = (
				CD50756921ECB98F005D4CD8 /* PlanetsTests.swift in Sources */,
			);
			runOnlyForDeploymentPostprocessing = 0;
		};
		CD50756B21ECB98F005D4CD8 /* Sources */ = {
			isa = PBXSourcesBuildPhase;
			buildActionMask = 2147483647;
			files = (
				CD50757421ECB98F005D4CD8 /* PlanetsUITests.swift in Sources */,
			);
			runOnlyForDeploymentPostprocessing = 0;
		};
/* End PBXSourcesBuildPhase section */

/* Begin PBXTargetDependency section */
		CD50756621ECB98F005D4CD8 /* PBXTargetDependency */ = {
			isa = PBXTargetDependency;
			target = CD50754F21ECB98D005D4CD8 /* Planets */;
			targetProxy = CD50756521ECB98F005D4CD8 /* PBXContainerItemProxy */;
		};
		CD50757121ECB98F005D4CD8 /* PBXTargetDependency */ = {
			isa = PBXTargetDependency;
			target = CD50754F21ECB98D005D4CD8 /* Planets */;
			targetProxy = CD50757021ECB98F005D4CD8 /* PBXContainerItemProxy */;
		};
/* End PBXTargetDependency section */

/* Begin PBXVariantGroup section */
		CD50755721ECB98D005D4CD8 /* Main.storyboard */ = {
			isa = PBXVariantGroup;
			children = (
				CD50755821ECB98D005D4CD8 /* Base */,
			);
			name = Main.storyboard;
			sourceTree = "<group>";
		};
		CD50755C21ECB98F005D4CD8 /* LaunchScreen.storyboard */ = {
			isa = PBXVariantGroup;
			children = (
				CD50755D21ECB98F005D4CD8 /* Base */,
			);
			name = LaunchScreen.storyboard;
			sourceTree = "<group>";
		};
/* End PBXVariantGroup section */

/* Begin XCBuildConfiguration section */
		CD50757621ECB98F005D4CD8 /* Debug */ = {
			isa = XCBuildConfiguration;
			buildSettings = {
				ALWAYS_SEARCH_USER_PATHS = NO;
				CLANG_ANALYZER_NONNULL = YES;
				CLANG_ANALYZER_NUMBER_OBJECT_CONVERSION = YES_AGGRESSIVE;
				CLANG_CXX_LANGUAGE_STANDARD = "gnu++14";
				CLANG_CXX_LIBRARY = "libc++";
				CLANG_ENABLE_MODULES = YES;
				CLANG_ENABLE_OBJC_ARC = YES;
				CLANG_ENABLE_OBJC_WEAK = YES;
				CLANG_WARN_BLOCK_CAPTURE_AUTORELEASING = YES;
				CLANG_WARN_BOOL_CONVERSION = YES;
				CLANG_WARN_COMMA = YES;
				CLANG_WARN_CONSTANT_CONVERSION = YES;
				CLANG_WARN_DEPRECATED_OBJC_IMPLEMENTATIONS = YES;
				CLANG_WARN_DIRECT_OBJC_ISA_USAGE = YES_ERROR;
				CLANG_WARN_DOCUMENTATION_COMMENTS = YES;
				CLANG_WARN_EMPTY_BODY = YES;
				CLANG_WARN_ENUM_CONVERSION = YES;
				CLANG_WARN_INFINITE_RECURSION = YES;
				CLANG_WARN_INT_CONVERSION = YES;
				CLANG_WARN_NON_LITERAL_NULL_CONVERSION = YES;
				CLANG_WARN_OBJC_IMPLICIT_RETAIN_SELF = YES;
				CLANG_WARN_OBJC_LITERAL_CONVERSION = YES;
				CLANG_WARN_OBJC_ROOT_CLASS = YES_ERROR;
				CLANG_WARN_RANGE_LOOP_ANALYSIS = YES;
				CLANG_WARN_STRICT_PROTOTYPES = YES;
				CLANG_WARN_SUSPICIOUS_MOVE = YES;
				CLANG_WARN_UNGUARDED_AVAILABILITY = YES_AGGRESSIVE;
				CLANG_WARN_UNREACHABLE_CODE = YES;
				CLANG_WARN__DUPLICATE_METHOD_MATCH = YES;
				CODE_SIGN_IDENTITY = "iPhone Developer";
				COPY_PHASE_STRIP = NO;
				DEBUG_INFORMATION_FORMAT = dwarf;
				ENABLE_STRICT_OBJC_MSGSEND = YES;
				ENABLE_TESTABILITY = YES;
				GCC_C_LANGUAGE_STANDARD = gnu11;
				GCC_DYNAMIC_NO_PIC = NO;
				GCC_NO_COMMON_BLOCKS = YES;
				GCC_OPTIMIZATION_LEVEL = 0;
				GCC_PREPROCESSOR_DEFINITIONS = (
					"DEBUG=1",
					"$(inherited)",
				);
				GCC_WARN_64_TO_32_BIT_CONVERSION = YES;
				GCC_WARN_ABOUT_RETURN_TYPE = YES_ERROR;
				GCC_WARN_UNDECLARED_SELECTOR = YES;
				GCC_WARN_UNINITIALIZED_AUTOS = YES_AGGRESSIVE;
				GCC_WARN_UNUSED_FUNCTION = YES;
				GCC_WARN_UNUSED_VARIABLE = YES;
				IPHONEOS_DEPLOYMENT_TARGET = 12.1;
				MTL_ENABLE_DEBUG_INFO = INCLUDE_SOURCE;
				MTL_FAST_MATH = YES;
				ONLY_ACTIVE_ARCH = YES;
				SDKROOT = iphoneos;
				SWIFT_ACTIVE_COMPILATION_CONDITIONS = DEBUG;
				SWIFT_OPTIMIZATION_LEVEL = "-Onone";
			};
			name = Debug;
		};
		CD50757721ECB98F005D4CD8 /* Release */ = {
			isa = XCBuildConfiguration;
			buildSettings = {
				ALWAYS_SEARCH_USER_PATHS = NO;
				CLANG_ANALYZER_NONNULL = YES;
				CLANG_ANALYZER_NUMBER_OBJECT_CONVERSION = YES_AGGRESSIVE;
				CLANG_CXX_LANGUAGE_STANDARD = "gnu++14";
				CLANG_CXX_LIBRARY = "libc++";
				CLANG_ENABLE_MODULES = YES;
				CLANG_ENABLE_OBJC_ARC = YES;
				CLANG_ENABLE_OBJC_WEAK = YES;
				CLANG_WARN_BLOCK_CAPTURE_AUTORELEASING = YES;
				CLANG_WARN_BOOL_CONVERSION = YES;
				CLANG_WARN_COMMA = YES;
				CLANG_WARN_CONSTANT_CONVERSION = YES;
				CLANG_WARN_DEPRECATED_OBJC_IMPLEMENTATIONS = YES;
				CLANG_WARN_DIRECT_OBJC_ISA_USAGE = YES_ERROR;
				CLANG_WARN_DOCUMENTATION_COMMENTS = YES;
				CLANG_WARN_EMPTY_BODY = YES;
				CLANG_WARN_ENUM_CONVERSION = YES;
				CLANG_WARN_INFINITE_RECURSION = YES;
				CLANG_WARN_INT_CONVERSION = YES;
				CLANG_WARN_NON_LITERAL_NULL_CONVERSION = YES;
				CLANG_WARN_OBJC_IMPLICIT_RETAIN_SELF = YES;
				CLANG_WARN_OBJC_LITERAL_CONVERSION = YES;
				CLANG_WARN_OBJC_ROOT_CLASS = YES_ERROR;
				CLANG_WARN_RANGE_LOOP_ANALYSIS = YES;
				CLANG_WARN_STRICT_PROTOTYPES = YES;
				CLANG_WARN_SUSPICIOUS_MOVE = YES;
				CLANG_WARN_UNGUARDED_AVAILABILITY = YES_AGGRESSIVE;
				CLANG_WARN_UNREACHABLE_CODE = YES;
				CLANG_WARN__DUPLICATE_METHOD_MATCH = YES;
				CODE_SIGN_IDENTITY = "iPhone Developer";
				COPY_PHASE_STRIP = NO;
				DEBUG_INFORMATION_FORMAT = "dwarf-with-dsym";
				ENABLE_NS_ASSERTIONS = NO;
				ENABLE_STRICT_OBJC_MSGSEND = YES;
				GCC_C_LANGUAGE_STANDARD = gnu11;
				GCC_NO_COMMON_BLOCKS = YES;
				GCC_WARN_64_TO_32_BIT_CONVERSION = YES;
				GCC_WARN_ABOUT_RETURN_TYPE = YES_ERROR;
				GCC_WARN_UNDECLARED_SELECTOR = YES;
				GCC_WARN_UNINITIALIZED_AUTOS = YES_AGGRESSIVE;
				GCC_WARN_UNUSED_FUNCTION = YES;
				GCC_WARN_UNUSED_VARIABLE = YES;
				IPHONEOS_DEPLOYMENT_TARGET = 12.1;
				MTL_ENABLE_DEBUG_INFO = NO;
				MTL_FAST_MATH = YES;
				SDKROOT = iphoneos;
				SWIFT_COMPILATION_MODE = wholemodule;
				SWIFT_OPTIMIZATION_LEVEL = "-O";
				VALIDATE_PRODUCT = YES;
			};
			name = Release;
		};
		CD50757921ECB98F005D4CD8 /* Debug */ = {
			isa = XCBuildConfiguration;
			buildSettings = {
				ASSETCATALOG_COMPILER_APPICON_NAME = AppIcon;
				CODE_SIGN_STYLE = Automatic;
				DEVELOPMENT_TEAM = 3745W5AYHV;
				INFOPLIST_FILE = Planets/Info.plist;
				LD_RUNPATH_SEARCH_PATHS = (
					"$(inherited)",
					"@executable_path/Frameworks",
				);
				PRODUCT_BUNDLE_IDENTIFIER = do.com.humano.Planets;
				PRODUCT_NAME = "$(TARGET_NAME)";
				SWIFT_VERSION = 4.2;
				TARGETED_DEVICE_FAMILY = "1,2";
			};
			name = Debug;
		};
		CD50757A21ECB98F005D4CD8 /* Release */ = {
			isa = XCBuildConfiguration;
			buildSettings = {
				ASSETCATALOG_COMPILER_APPICON_NAME = AppIcon;
				CODE_SIGN_STYLE = Automatic;
				DEVELOPMENT_TEAM = 3745W5AYHV;
				INFOPLIST_FILE = Planets/Info.plist;
				LD_RUNPATH_SEARCH_PATHS = (
					"$(inherited)",
					"@executable_path/Frameworks",
				);
				PRODUCT_BUNDLE_IDENTIFIER = do.com.humano.Planets;
				PRODUCT_NAME = "$(TARGET_NAME)";
				SWIFT_VERSION = 4.2;
				TARGETED_DEVICE_FAMILY = "1,2";
			};
			name = Release;
		};
		CD50757C21ECB98F005D4CD8 /* Debug */ = {
			isa = XCBuildConfiguration;
			buildSettings = {
				ALWAYS_EMBED_SWIFT_STANDARD_LIBRARIES = YES;
				BUNDLE_LOADER = "$(TEST_HOST)";
				CODE_SIGN_STYLE = Automatic;
				DEVELOPMENT_TEAM = 3745W5AYHV;
				INFOPLIST_FILE = PlanetsTests/Info.plist;
				LD_RUNPATH_SEARCH_PATHS = (
					"$(inherited)",
					"@executable_path/Frameworks",
					"@loader_path/Frameworks",
				);
				PRODUCT_BUNDLE_IDENTIFIER = do.com.humano.PlanetsTests;
				PRODUCT_NAME = "$(TARGET_NAME)";
				SWIFT_VERSION = 4.2;
				TARGETED_DEVICE_FAMILY = "1,2";
				TEST_HOST = "$(BUILT_PRODUCTS_DIR)/Planets.app/Planets";
			};
			name = Debug;
		};
		CD50757D21ECB98F005D4CD8 /* Release */ = {
			isa = XCBuildConfiguration;
			buildSettings = {
				ALWAYS_EMBED_SWIFT_STANDARD_LIBRARIES = YES;
				BUNDLE_LOADER = "$(TEST_HOST)";
				CODE_SIGN_STYLE = Automatic;
				DEVELOPMENT_TEAM = 3745W5AYHV;
				INFOPLIST_FILE = PlanetsTests/Info.plist;
				LD_RUNPATH_SEARCH_PATHS = (
					"$(inherited)",
					"@executable_path/Frameworks",
					"@loader_path/Frameworks",
				);
				PRODUCT_BUNDLE_IDENTIFIER = do.com.humano.PlanetsTests;
				PRODUCT_NAME = "$(TARGET_NAME)";
				SWIFT_VERSION = 4.2;
				TARGETED_DEVICE_FAMILY = "1,2";
				TEST_HOST = "$(BUILT_PRODUCTS_DIR)/Planets.app/Planets";
			};
			name = Release;
		};
		CD50757F21ECB98F005D4CD8 /* Debug */ = {
			isa = XCBuildConfiguration;
			buildSettings = {
				ALWAYS_EMBED_SWIFT_STANDARD_LIBRARIES = YES;
				CODE_SIGN_STYLE = Automatic;
				DEVELOPMENT_TEAM = 3745W5AYHV;
				INFOPLIST_FILE = PlanetsUITests/Info.plist;
				LD_RUNPATH_SEARCH_PATHS = (
					"$(inherited)",
					"@executable_path/Frameworks",
					"@loader_path/Frameworks",
				);
				PRODUCT_BUNDLE_IDENTIFIER = do.com.humano.PlanetsUITests;
				PRODUCT_NAME = "$(TARGET_NAME)";
				SWIFT_VERSION = 4.2;
				TARGETED_DEVICE_FAMILY = "1,2";
				TEST_TARGET_NAME = Planets;
			};
			name = Debug;
		};
		CD50758021ECB98F005D4CD8 /* Release */ = {
			isa = XCBuildConfiguration;
			buildSettings = {
				ALWAYS_EMBED_SWIFT_STANDARD_LIBRARIES = YES;
				CODE_SIGN_STYLE = Automatic;
				DEVELOPMENT_TEAM = 3745W5AYHV;
				INFOPLIST_FILE = PlanetsUITests/Info.plist;
				LD_RUNPATH_SEARCH_PATHS = (
					"$(inherited)",
					"@executable_path/Frameworks",
					"@loader_path/Frameworks",
				);
				PRODUCT_BUNDLE_IDENTIFIER = do.com.humano.PlanetsUITests;
				PRODUCT_NAME = "$(TARGET_NAME)";
				SWIFT_VERSION = 4.2;
				TARGETED_DEVICE_FAMILY = "1,2";
				TEST_TARGET_NAME = Planets;
			};
			name = Release;
		};
/* End XCBuildConfiguration section */

/* Begin XCConfigurationList section */
		CD50754B21ECB98D005D4CD8 /* Build configuration list for PBXProject "Planets" */ = {
			isa = XCConfigurationList;
			buildConfigurations = (
				CD50757621ECB98F005D4CD8 /* Debug */,
				CD50757721ECB98F005D4CD8 /* Release */,
			);
			defaultConfigurationIsVisible = 0;
			defaultConfigurationName = Release;
		};
		CD50757821ECB98F005D4CD8 /* Build configuration list for PBXNativeTarget "Planets" */ = {
			isa = XCConfigurationList;
			buildConfigurations = (
				CD50757921ECB98F005D4CD8 /* Debug */,
				CD50757A21ECB98F005D4CD8 /* Release */,
			);
			defaultConfigurationIsVisible = 0;
			defaultConfigurationName = Release;
		};
		CD50757B21ECB98F005D4CD8 /* Build configuration list for PBXNativeTarget "PlanetsTests" */ = {
			isa = XCConfigurationList;
			buildConfigurations = (
				CD50757C21ECB98F005D4CD8 /* Debug */,
				CD50757D21ECB98F005D4CD8 /* Release */,
			);
			defaultConfigurationIsVisible = 0;
			defaultConfigurationName = Release;
		};
		CD50757E21ECB98F005D4CD8 /* Build configuration list for PBXNativeTarget "PlanetsUITests" */ = {
			isa = XCConfigurationList;
			buildConfigurations = (
				CD50757F21ECB98F005D4CD8 /* Debug */,
				CD50758021ECB98F005D4CD8 /* Release */,
			);
			defaultConfigurationIsVisible = 0;
			defaultConfigurationName = Release;
		};
/* End XCConfigurationList section */
	};
	rootObject = CD50754821ECB98D005D4CD8 /* Project object */;
}
